{
  "name": "@blueislandx/island-qqwry-database",
  "version": "2023.2.22",
  "lockfileVersion": 2,
  "requires": true,
  "packages": {
    "": {
      "name": "@blueislandx/island-qqwry-database",
      "version": "2023.2.22",
      "license": "MIT",
      "dependencies": {
        "gbk.js": "^0.3.0"
      },
      "devDependencies": {
        "@types/gbk.js": "^0.3.0",
        "@types/node": "^18.13.0"
      }
    },
    "node_modules/@types/gbk.js": {
      "version": "0.3.0",
      "resolved": "https://registry.npmjs.org/@types/gbk.js/-/gbk.js-0.3.0.tgz",
      "integrity": "sha512-CSbRR2CL4AsGJy1oZ80c9wRMFSbIHKAMReselpP1sdTUCQ/r3cy9wCKa+iUIdZlfd6v6EBpME03fhJ/F2Das7A==",
      "dev": true
    },
    "node_modules/@types/node": {
      "version": "18.13.0",
      "resolved": "https://registry.npmjs.org/@types/node/-/node-18.13.0.tgz",
      "integrity": "sha512-gC3TazRzGoOnoKAhUx+Q0t8S9Tzs74z7m0ipwGpSqQrleP14hKxP4/JUeEQcD3W1/aIpnWl8pHowI7WokuZpXg==",
      "dev": true
    },
    "node_modules/gbk.js": {
      "version": "0.3.0",
      "resolved": "https://registry.npmjs.org/gbk.js/-/gbk.js-0.3.0.tgz",
      "integrity": "sha512-rFEmSBm7/wSWXI5hq3CC4M55bFapT24Gj2hQfNK2Sy2rBs1snHWUCwRX2dg9jmy/LnR36xm+/ZLhycLWTI4Ilw=="
    }
  },
  "dependencies": {
    "@types/gbk.js": {
      "version": "0.3.0",
      "resolved": "https://registry.npmjs.org/@types/gbk.js/-/gbk.js-0.3.0.tgz",
      "integrity": "sha512-CSbRR2CL4AsGJy1oZ80c9wRMFSbIHKAMReselpP1sdTUCQ/r3cy9wCKa+iUIdZlfd6v6EBpME03fhJ/F2Das7A==",
      "dev": true
    },
    "@types/node": {
      "version": "18.13.0",
      "resolved": "https://registry.npmjs.org/@types/node/-/node-18.13.0.tgz",
      "integrity": "sha512-gC3TazRzGoOnoKAhUx+Q0t8S9Tzs74z7m0ipwGpSqQrleP14hKxP4/JUeEQcD3W1/aIpnWl8pHowI7WokuZpXg==",
      "dev": true
    },
    "gbk.js": {
      "version": "0.3.0",
      "resolved": "https://registry.npmjs.org/gbk.js/-/gbk.js-0.3.0.tgz",
      "integrity": "sha512-rFEmSBm7/wSWXI5hq3CC4M55bFapT24Gj2hQfNK2Sy2rBs1snHWUCwRX2dg9jmy/LnR36xm+/ZLhycLWTI4Ilw=="
    }
  }
}
